
Microsoft Visual Studio Solution File, Format Version 12.00
# Visual Studio Version 16
VisualStudioVersion = 16.0.31829.152
MinimumVisualStudioVersion = 10.0.40219.1
Project("{8BC9CEB8-8B4A-11D0-8D11-00A0C91BC942}") = "AOC++", "AOC++\AOC++.vcxproj", "{14982440-7EE9-4A64-BAB7-B4D7C9E2702F}"
EndProject
Project("{8BC9CEB8-8B4A-11D0-8D11-00A0C91BC942}") = "EventManager", "EventManager\EventManager.vcxproj", "{3C1D8F99-9DA5-44AD-BD01-E6ED288E27A7}"
EndProject
Global
	GlobalSection(SolutionConfigurationPlatforms) = preSolution
		Debug|Win32 = Debug|Win32
		Debug|x64 = Debug|x64
		Release|Win32 = Release|Win32
		Release|x64 = Release|x64
	EndGlobalSection
	GlobalSection(ProjectConfigurationPlatforms) = postSolution
		{14982440-7EE9-4A64-BAB7-B4D7C9E2702F}.Debug|Win32.ActiveCfg = Debug|Win32
		{14982440-7EE9-4A64-BAB7-B4D7C9E2702F}.Debug|Win32.Build.0 = Debug|Win32
		{14982440-7EE9-4A64-BAB7-B4D7C9E2702F}.Debug|x64.ActiveCfg = Debug|x64
		{14982440-7EE9-4A64-BAB7-B4D7C9E2702F}.Debug|x64.Build.0 = Debug|x64
		{14982440-7EE9-4A64-BAB7-B4D7C9E2702F}.Release|Win32.ActiveCfg = Release|Win32
		{14982440-7EE9-4A64-BAB7-B4D7C9E2702F}.Release|Win32.Build.0 = Release|Win32
		{14982440-7EE9-4A64-BAB7-B4D7C9E2702F}.Release|x64.ActiveCfg = Release|x64
		{14982440-7EE9-4A64-BAB7-B4D7C9E2702F}.Release|x64.Build.0 = Release|x64
		{3C1D8F99-9DA5-44AD-BD01-E6ED288E27A7}.Debug|Win32.ActiveCfg = Debug|Win32
		{3C1D8F99-9DA5-44AD-BD01-E6ED288E27A7}.Debug|Win32.Build.0 = Debug|Win32
		{3C1D8F99-9DA5-44AD-BD01-E6ED288E27A7}.Debug|x64.ActiveCfg = Debug|x64
		{3C1D8F99-9DA5-44AD-BD01-E6ED288E27A7}.Debug|x64.Build.0 = Debug|x64
		{3C1D8F99-9DA5-44AD-BD01-E6ED288E27A7}.Release|Win32.ActiveCfg = Release|Win32
		{3C1D8F99-9DA5-44AD-BD01-E6ED288E27A7}.Release|Win32.Build.0 = Release|Win32
		{3C1D8F99-9DA5-44AD-BD01-E6ED288E27A7}.Release|x64.ActiveCfg = Release|x64
		{3C1D8F99-9DA5-44AD-BD01-E6ED288E27A7}.Release|x64.Build.0 = Release|x64
	EndGlobalSection
	GlobalSection(SolutionProperties) = preSolution
		HideSolutionNode = FALSE
	EndGlobalSection
	GlobalSection(ExtensibilityGlobals) = postSolution
		SolutionGuid = {89A0AB39-BDD9-4864-9461-D4F4CFC2B83C}
	EndGlobalSection
EndGlobal
